
Microsoft Visual Studio Solution File, Format Version 12.00
# Visual Studio Version 17
VisualStudioVersion = 17.14.36212.18 d17.14
MinimumVisualStudioVersion = 10.0.40219.1
Project("{FAE04EC0-301F-11D3-BF4B-00C04F79EFBC}") = "Avae.Gtk.Essentials", "Avae.Gtk.Essentials.csproj", "{851E7F6D-0EBA-97CE-501D-C4063C4F7E81}"
EndProject
Global
	GlobalSection(SolutionConfigurationPlatforms) = preSolution
		Debug|Any CPU = Debug|Any CPU
		Debug|x64 = Debug|x64
		Release|Any CPU = Release|Any CPU
		Release|x64 = Release|x64
	EndGlobalSection
	GlobalSection(ProjectConfigurationPlatforms) = postSolution
		{851E7F6D-0EBA-97CE-501D-C4063C4F7E81}.Debug|Any CPU.ActiveCfg = Debug|Any CPU
		{851E7F6D-0EBA-97CE-501D-C4063C4F7E81}.Debug|Any CPU.Build.0 = Debug|Any CPU
		{851E7F6D-0EBA-97CE-501D-C4063C4F7E81}.Debug|x64.ActiveCfg = Debug|x64
		{851E7F6D-0EBA-97CE-501D-C4063C4F7E81}.Debug|x64.Build.0 = Debug|x64
		{851E7F6D-0EBA-97CE-501D-C4063C4F7E81}.Release|Any CPU.ActiveCfg = Release|Any CPU
		{851E7F6D-0EBA-97CE-501D-C4063C4F7E81}.Release|Any CPU.Build.0 = Release|Any CPU
		{851E7F6D-0EBA-97CE-501D-C4063C4F7E81}.Release|x64.ActiveCfg = Release|x64
		{851E7F6D-0EBA-97CE-501D-C4063C4F7E81}.Release|x64.Build.0 = Release|x64
	EndGlobalSection
	GlobalSection(SolutionProperties) = preSolution
		HideSolutionNode = FALSE
	EndGlobalSection
	GlobalSection(ExtensibilityGlobals) = postSolution
		SolutionGuid = {C65F4DEB-8FC4-4426-867B-CDCAF542AEF7}
	EndGlobalSection
EndGlobal
